
Microsoft Visual Studio Solution File, Format Version 12.00
# Visual Studio Version 17
VisualStudioVersion = 17.3.32819.101
MinimumVisualStudioVersion = 10.0.40219.1
Project("{9A19103F-16F7-4668-BE54-9A1E7A4F7556}") = "BasicLoopsLab", "BasicLoopsLab\BasicLoopsLab.csproj", "{4849A158-47F9-4406-A042-744C70E2E36F}"
EndProject
Project("{9A19103F-16F7-4668-BE54-9A1E7A4F7556}") = "forloop", "forloop\forloop.csproj", "{DF48F52F-DC4E-446F-846A-2E16BCD77A98}"
EndProject
Project("{9A19103F-16F7-4668-BE54-9A1E7A4F7556}") = "whileloop", "whileloop\whileloop.csproj", "{C3159B1F-545B-424B-AE86-2B8C390E1BE7}"
EndProject
Project("{FAE04EC0-301F-11D3-BF4B-00C04F79EFBC}") = "whilelooplimited", "whilelooplimited\whilelooplimited.csproj", "{7D2A9831-E4A1-4025-84E5-1323194A9875}"
EndProject
Project("{FAE04EC0-301F-11D3-BF4B-00C04F79EFBC}") = "dowhilekeypad", "dowhilekeypad\dowhilekeypad.csproj", "{7CF7DFC8-C68A-41BE-9D31-C5907B4ED8E1}"
EndProject
Global
	GlobalSection(SolutionConfigurationPlatforms) = preSolution
		Debug|Any CPU = Debug|Any CPU
		Release|Any CPU = Release|Any CPU
	EndGlobalSection
	GlobalSection(ProjectConfigurationPlatforms) = postSolution
		{4849A158-47F9-4406-A042-744C70E2E36F}.Debug|Any CPU.ActiveCfg = Debug|Any CPU
		{4849A158-47F9-4406-A042-744C70E2E36F}.Debug|Any CPU.Build.0 = Debug|Any CPU
		{4849A158-47F9-4406-A042-744C70E2E36F}.Release|Any CPU.ActiveCfg = Release|Any CPU
		{4849A158-47F9-4406-A042-744C70E2E36F}.Release|Any CPU.Build.0 = Release|Any CPU
		{DF48F52F-DC4E-446F-846A-2E16BCD77A98}.Debug|Any CPU.ActiveCfg = Debug|Any CPU
		{DF48F52F-DC4E-446F-846A-2E16BCD77A98}.Debug|Any CPU.Build.0 = Debug|Any CPU
		{DF48F52F-DC4E-446F-846A-2E16BCD77A98}.Release|Any CPU.ActiveCfg = Release|Any CPU
		{DF48F52F-DC4E-446F-846A-2E16BCD77A98}.Release|Any CPU.Build.0 = Release|Any CPU
		{C3159B1F-545B-424B-AE86-2B8C390E1BE7}.Debug|Any CPU.ActiveCfg = Debug|Any CPU
		{C3159B1F-545B-424B-AE86-2B8C390E1BE7}.Debug|Any CPU.Build.0 = Debug|Any CPU
		{C3159B1F-545B-424B-AE86-2B8C390E1BE7}.Release|Any CPU.ActiveCfg = Release|Any CPU
		{C3159B1F-545B-424B-AE86-2B8C390E1BE7}.Release|Any CPU.Build.0 = Release|Any CPU
		{7D2A9831-E4A1-4025-84E5-1323194A9875}.Debug|Any CPU.ActiveCfg = Debug|Any CPU
		{7D2A9831-E4A1-4025-84E5-1323194A9875}.Debug|Any CPU.Build.0 = Debug|Any CPU
		{7D2A9831-E4A1-4025-84E5-1323194A9875}.Release|Any CPU.ActiveCfg = Release|Any CPU
		{7D2A9831-E4A1-4025-84E5-1323194A9875}.Release|Any CPU.Build.0 = Release|Any CPU
		{7CF7DFC8-C68A-41BE-9D31-C5907B4ED8E1}.Debug|Any CPU.ActiveCfg = Debug|Any CPU
		{7CF7DFC8-C68A-41BE-9D31-C5907B4ED8E1}.Debug|Any CPU.Build.0 = Debug|Any CPU
		{7CF7DFC8-C68A-41BE-9D31-C5907B4ED8E1}.Release|Any CPU.ActiveCfg = Release|Any CPU
		{7CF7DFC8-C68A-41BE-9D31-C5907B4ED8E1}.Release|Any CPU.Build.0 = Release|Any CPU
	EndGlobalSection
	GlobalSection(SolutionProperties) = preSolution
		HideSolutionNode = FALSE
	EndGlobalSection
	GlobalSection(ExtensibilityGlobals) = postSolution
		SolutionGuid = {217C95AA-1807-48C5-A89D-96960AD5844C}
	EndGlobalSection
EndGlobal
